// !$*UTF8*$!
{
	archiveVersion = 1;
	classes = {
	};
	objectVersion = 51;
	objects = {

/* Begin PBXBuildFile section */
		0C61891D1385A9A4D20AB872 /* Pods_mvvmMovieDB_mvvmMovieDBUITests.framework in Frameworks */ = {isa = PBXBuildFile; fileRef = 2340E2C01E4C5597D50871FE /* Pods_mvvmMovieDB_mvvmMovieDBUITests.framework */; };
		2F12118D2449661700DB6FF2 /* Sample.swift in Sources */ = {isa = PBXBuildFile; fileRef = 2F12118C2449661700DB6FF2 /* Sample.swift */; };
		2F121193244967FD00DB6FF2 /* SettersSampleCollectionViewController.swift in Sources */ = {isa = PBXBuildFile; fileRef = 2F121192244967FD00DB6FF2 /* SettersSampleCollectionViewController.swift */; };
		2F12119524496E4B00DB6FF2 /* SettersSampleCollectionViewModel.swift in Sources */ = {isa = PBXBuildFile; fileRef = 2F12119424496E4B00DB6FF2 /* SettersSampleCollectionViewModel.swift */; };
		2F121199244BA9D400DB6FF2 /* MovieCollectionViewCell.swift in Sources */ = {isa = PBXBuildFile; fileRef = 2F121197244BA9D400DB6FF2 /* MovieCollectionViewCell.swift */; };
		2F1211A0244BBAEA00DB6FF2 /* SampleService.swift in Sources */ = {isa = PBXBuildFile; fileRef = 2F12119F244BBAEA00DB6FF2 /* SampleService.swift */; };
		2F1211A22450CC6F00DB6FF2 /* InterfaceSampleCollectionViewController.swift in Sources */ = {isa = PBXBuildFile; fileRef = 2F1211A12450CC6F00DB6FF2 /* InterfaceSampleCollectionViewController.swift */; };
		2F1211A42450CCA800DB6FF2 /* SampleCollectionViewController.swift in Sources */ = {isa = PBXBuildFile; fileRef = 2F1211A32450CCA800DB6FF2 /* SampleCollectionViewController.swift */; };
		2F1211A62450CE7600DB6FF2 /* InterfaceSampleCollectionViewModel.swift in Sources */ = {isa = PBXBuildFile; fileRef = 2F1211A52450CE7600DB6FF2 /* InterfaceSampleCollectionViewModel.swift */; };
		2F1211AC2450D71B00DB6FF2 /* Coordinator.swift in Sources */ = {isa = PBXBuildFile; fileRef = 2F1211AB2450D71B00DB6FF2 /* Coordinator.swift */; };
		2F1211AE2450D7D500DB6FF2 /* SettersCoordinator.swift in Sources */ = {isa = PBXBuildFile; fileRef = 2F1211AD2450D7D500DB6FF2 /* SettersCoordinator.swift */; };
		2F1211B02450D8E900DB6FF2 /* MovieListResponse.swift in Sources */ = {isa = PBXBuildFile; fileRef = 2F1211AF2450D8E900DB6FF2 /* MovieListResponse.swift */; };
		2F1211B22450D91900DB6FF2 /* MovieModel.swift in Sources */ = {isa = PBXBuildFile; fileRef = 2F1211B12450D91900DB6FF2 /* MovieModel.swift */; };
		2F1211B42450D92D00DB6FF2 /* SampleProvider.swift in Sources */ = {isa = PBXBuildFile; fileRef = 2F1211B32450D92D00DB6FF2 /* SampleProvider.swift */; };
		2F1211B62450DDB700DB6FF2 /* InterfaceCoordinator.swift in Sources */ = {isa = PBXBuildFile; fileRef = 2F1211B52450DDB700DB6FF2 /* InterfaceCoordinator.swift */; };
		2F90219B24495F20003CDC19 /* AppDelegate.swift in Sources */ = {isa = PBXBuildFile; fileRef = 2F90219A24495F20003CDC19 /* AppDelegate.swift */; };
		2F90219F24495F20003CDC19 /* ViewController.swift in Sources */ = {isa = PBXBuildFile; fileRef = 2F90219E24495F20003CDC19 /* ViewController.swift */; };
		2F9021A224495F21003CDC19 /* Main.storyboard in Resources */ = {isa = PBXBuildFile; fileRef = 2F9021A024495F21003CDC19 /* Main.storyboard */; };
		2F9021A424495F24003CDC19 /* Assets.xcassets in Resources */ = {isa = PBXBuildFile; fileRef = 2F9021A324495F24003CDC19 /* Assets.xcassets */; };
		2F9021A724495F24003CDC19 /* LaunchScreen.storyboard in Resources */ = {isa = PBXBuildFile; fileRef = 2F9021A524495F24003CDC19 /* LaunchScreen.storyboard */; };
		2F9021B224495F24003CDC19 /* mvvmMovieDBTests.swift in Sources */ = {isa = PBXBuildFile; fileRef = 2F9021B124495F24003CDC19 /* mvvmMovieDBTests.swift */; };
		2F9021BD24495F24003CDC19 /* mvvmMovieDBUITests.swift in Sources */ = {isa = PBXBuildFile; fileRef = 2F9021BC24495F24003CDC19 /* mvvmMovieDBUITests.swift */; };
		2FA601B42450E926001D0F49 /* LoadingView.swift in Sources */ = {isa = PBXBuildFile; fileRef = 2FA601B32450E926001D0F49 /* LoadingView.swift */; };
		2FA601B62450EA5F001D0F49 /* CallbackSampleCollectionViewController.swift in Sources */ = {isa = PBXBuildFile; fileRef = 2FA601B52450EA5F001D0F49 /* CallbackSampleCollectionViewController.swift */; };
		2FA601B82450EABD001D0F49 /* CallbackSampleCollectionViewModel.swift in Sources */ = {isa = PBXBuildFile; fileRef = 2FA601B72450EABD001D0F49 /* CallbackSampleCollectionViewModel.swift */; };
		2FA601BA2450EACC001D0F49 /* CallbackCoordinator.swift in Sources */ = {isa = PBXBuildFile; fileRef = 2FA601B92450EACC001D0F49 /* CallbackCoordinator.swift */; };
		2FA601BE2450F236001D0F49 /* RxSampleCollectionViewModel.swift in Sources */ = {isa = PBXBuildFile; fileRef = 2FA601BB2450F235001D0F49 /* RxSampleCollectionViewModel.swift */; };
		2FA601BF2450F236001D0F49 /* RxCoordinator.swift in Sources */ = {isa = PBXBuildFile; fileRef = 2FA601BC2450F235001D0F49 /* RxCoordinator.swift */; };
		2FA601C02450F236001D0F49 /* RxSampleCollectionViewController.swift in Sources */ = {isa = PBXBuildFile; fileRef = 2FA601BD2450F235001D0F49 /* RxSampleCollectionViewController.swift */; };
		2FA601C52464D5FB001D0F49 /* InOutSampleCollectionViewModel.swift in Sources */ = {isa = PBXBuildFile; fileRef = 2FA601C22464D5FA001D0F49 /* InOutSampleCollectionViewModel.swift */; };
		2FA601C62464D5FB001D0F49 /* InOutSampleCollectionViewController.swift in Sources */ = {isa = PBXBuildFile; fileRef = 2FA601C32464D5FA001D0F49 /* InOutSampleCollectionViewController.swift */; };
		2FA601C72464D5FB001D0F49 /* InOutCoordinator.swift in Sources */ = {isa = PBXBuildFile; fileRef = 2FA601C42464D5FB001D0F49 /* InOutCoordinator.swift */; };
		DA0D69CE9604B00C74E2446B /* Pods_mvvmMovieDBTests.framework in Frameworks */ = {isa = PBXBuildFile; fileRef = 7CB52F1004FB1E685F9F2134 /* Pods_mvvmMovieDBTests.framework */; };
		F29A6D12ACB6D0D4752E0D05 /* Pods_mvvmMovieDB.framework in Frameworks */ = {isa = PBXBuildFile; fileRef = 67B4D1CEBF6D7E2A351F8FEA /* Pods_mvvmMovieDB.framework */; };
/* End PBXBuildFile section */

/* Begin PBXContainerItemProxy section */
		2F9021AE24495F24003CDC19 /* PBXContainerItemProxy */ = {
			isa = PBXContainerItemProxy;
			containerPortal = 2F90218F24495F20003CDC19 /* Project object */;
			proxyType = 1;
			remoteGlobalIDString = 2F90219624495F20003CDC19;
			remoteInfo = mvvmMovieDB;
		};
		2F9021B924495F24003CDC19 /* PBXContainerItemProxy */ = {
			isa = PBXContainerItemProxy;
			containerPortal = 2F90218F24495F20003CDC19 /* Project object */;
			proxyType = 1;
			remoteGlobalIDString = 2F90219624495F20003CDC19;
			remoteInfo = mvvmMovieDB;
		};
/* End PBXContainerItemProxy section */

/* Begin PBXFileReference section */
		2202E72848F6CEB310D67AF1 /* Pods-mvvmMovieDB-mvvmMovieDBUITests.release.xcconfig */ = {isa = PBXFileReference; includeInIndex = 1; lastKnownFileType = text.xcconfig; name = "Pods-mvvmMovieDB-mvvmMovieDBUITests.release.xcconfig"; path = "Target Support Files/Pods-mvvmMovieDB-mvvmMovieDBUITests/Pods-mvvmMovieDB-mvvmMovieDBUITests.release.xcconfig"; sourceTree = "<group>"; };
		2340E2C01E4C5597D50871FE /* Pods_mvvmMovieDB_mvvmMovieDBUITests.framework */ = {isa = PBXFileReference; explicitFileType = wrapper.framework; includeInIndex = 0; path = Pods_mvvmMovieDB_mvvmMovieDBUITests.framework; sourceTree = BUILT_PRODUCTS_DIR; };
		29104622EE3A94919EC730DE /* Pods-mvvmMovieDB.debug.xcconfig */ = {isa = PBXFileReference; includeInIndex = 1; lastKnownFileType = text.xcconfig; name = "Pods-mvvmMovieDB.debug.xcconfig"; path = "Target Support Files/Pods-mvvmMovieDB/Pods-mvvmMovieDB.debug.xcconfig"; sourceTree = "<group>"; };
		2F12118C2449661700DB6FF2 /* Sample.swift */ = {isa = PBXFileReference; lastKnownFileType = sourcecode.swift; path = Sample.swift; sourceTree = "<group>"; };
		2F121192244967FD00DB6FF2 /* SettersSampleCollectionViewController.swift */ = {isa = PBXFileReference; lastKnownFileType = sourcecode.swift; path = SettersSampleCollectionViewController.swift; sourceTree = "<group>"; };
		2F12119424496E4B00DB6FF2 /* SettersSampleCollectionViewModel.swift */ = {isa = PBXFileReference; lastKnownFileType = sourcecode.swift; path = SettersSampleCollectionViewModel.swift; sourceTree = "<group>"; };
		2F121197244BA9D400DB6FF2 /* MovieCollectionViewCell.swift */ = {isa = PBXFileReference; lastKnownFileType = sourcecode.swift; path = MovieCollectionViewCell.swift; sourceTree = "<group>"; };
		2F12119F244BBAEA00DB6FF2 /* SampleService.swift */ = {isa = PBXFileReference; lastKnownFileType = sourcecode.swift; path = SampleService.swift; sourceTree = "<group>"; };
		2F1211A12450CC6F00DB6FF2 /* InterfaceSampleCollectionViewController.swift */ = {isa = PBXFileReference; lastKnownFileType = sourcecode.swift; path = InterfaceSampleCollectionViewController.swift; sourceTree = "<group>"; };
		2F1211A32450CCA800DB6FF2 /* SampleCollectionViewController.swift */ = {isa = PBXFileReference; lastKnownFileType = sourcecode.swift; path = SampleCollectionViewController.swift; sourceTree = "<group>"; };
		2F1211A52450CE7600DB6FF2 /* InterfaceSampleCollectionViewModel.swift */ = {isa = PBXFileReference; lastKnownFileType = sourcecode.swift; path = InterfaceSampleCollectionViewModel.swift; sourceTree = "<group>"; };
		2F1211AB2450D71B00DB6FF2 /* Coordinator.swift */ = {isa = PBXFileReference; lastKnownFileType = sourcecode.swift; path = Coordinator.swift; sourceTree = "<group>"; };
		2F1211AD2450D7D500DB6FF2 /* SettersCoordinator.swift */ = {isa = PBXFileReference; lastKnownFileType = sourcecode.swift; path = SettersCoordinator.swift; sourceTree = "<group>"; };
		2F1211AF2450D8E900DB6FF2 /* MovieListResponse.swift */ = {isa = PBXFileReference; lastKnownFileType = sourcecode.swift; path = MovieListResponse.swift; sourceTree = "<group>"; };
		2F1211B12450D91900DB6FF2 /* MovieModel.swift */ = {isa = PBXFileReference; lastKnownFileType = sourcecode.swift; path = MovieModel.swift; sourceTree = "<group>"; };
		2F1211B32450D92D00DB6FF2 /* SampleProvider.swift */ = {isa = PBXFileReference; lastKnownFileType = sourcecode.swift; path = SampleProvider.swift; sourceTree = "<group>"; };
		2F1211B52450DDB700DB6FF2 /* InterfaceCoordinator.swift */ = {isa = PBXFileReference; lastKnownFileType = sourcecode.swift; path = InterfaceCoordinator.swift; sourceTree = "<group>"; };
		2F90219724495F20003CDC19 /* mvvmMovieDB.app */ = {isa = PBXFileReference; explicitFileType = wrapper.application; includeInIndex = 0; path = mvvmMovieDB.app; sourceTree = BUILT_PRODUCTS_DIR; };
		2F90219A24495F20003CDC19 /* AppDelegate.swift */ = {isa = PBXFileReference; lastKnownFileType = sourcecode.swift; path = AppDelegate.swift; sourceTree = "<group>"; };
		2F90219E24495F20003CDC19 /* ViewController.swift */ = {isa = PBXFileReference; lastKnownFileType = sourcecode.swift; path = ViewController.swift; sourceTree = "<group>"; };
		2F9021A124495F21003CDC19 /* Base */ = {isa = PBXFileReference; lastKnownFileType = file.storyboard; name = Base; path = Base.lproj/Main.storyboard; sourceTree = "<group>"; };
		2F9021A324495F24003CDC19 /* Assets.xcassets */ = {isa = PBXFileReference; lastKnownFileType = folder.assetcatalog; path = Assets.xcassets; sourceTree = "<group>"; };
		2F9021A624495F24003CDC19 /* Base */ = {isa = PBXFileReference; lastKnownFileType = file.storyboard; name = Base; path = Base.lproj/LaunchScreen.storyboard; sourceTree = "<group>"; };
		2F9021A824495F24003CDC19 /* Info.plist */ = {isa = PBXFileReference; lastKnownFileType = text.plist.xml; path = Info.plist; sourceTree = "<group>"; };
		2F9021AD24495F24003CDC19 /* mvvmMovieDBTests.xctest */ = {isa = PBXFileReference; explicitFileType = wrapper.cfbundle; includeInIndex = 0; path = mvvmMovieDBTests.xctest; sourceTree = BUILT_PRODUCTS_DIR; };
		2F9021B124495F24003CDC19 /* mvvmMovieDBTests.swift */ = {isa = PBXFileReference; lastKnownFileType = sourcecode.swift; path = mvvmMovieDBTests.swift; sourceTree = "<group>"; };
		2F9021B324495F24003CDC19 /* Info.plist */ = {isa = PBXFileReference; lastKnownFileType = text.plist.xml; path = Info.plist; sourceTree = "<group>"; };
		2F9021B824495F24003CDC19 /* mvvmMovieDBUITests.xctest */ = {isa = PBXFileReference; explicitFileType = wrapper.cfbundle; includeInIndex = 0; path = mvvmMovieDBUITests.xctest; sourceTree = BUILT_PRODUCTS_DIR; };
		2F9021BC24495F24003CDC19 /* mvvmMovieDBUITests.swift */ = {isa = PBXFileReference; lastKnownFileType = sourcecode.swift; path = mvvmMovieDBUITests.swift; sourceTree = "<group>"; };
		2F9021BE24495F24003CDC19 /* Info.plist */ = {isa = PBXFileReference; lastKnownFileType = text.plist.xml; path = Info.plist; sourceTree = "<group>"; };
		2FA601B32450E926001D0F49 /* LoadingView.swift */ = {isa = PBXFileReference; lastKnownFileType = sourcecode.swift; path = LoadingView.swift; sourceTree = "<group>"; };
		2FA601B52450EA5F001D0F49 /* CallbackSampleCollectionViewController.swift */ = {isa = PBXFileReference; lastKnownFileType = sourcecode.swift; path = CallbackSampleCollectionViewController.swift; sourceTree = "<group>"; };
		2FA601B72450EABD001D0F49 /* CallbackSampleCollectionViewModel.swift */ = {isa = PBXFileReference; lastKnownFileType = sourcecode.swift; path = CallbackSampleCollectionViewModel.swift; sourceTree = "<group>"; };
		2FA601B92450EACC001D0F49 /* CallbackCoordinator.swift */ = {isa = PBXFileReference; lastKnownFileType = sourcecode.swift; path = CallbackCoordinator.swift; sourceTree = "<group>"; };
		2FA601BB2450F235001D0F49 /* RxSampleCollectionViewModel.swift */ = {isa = PBXFileReference; fileEncoding = 4; lastKnownFileType = sourcecode.swift; path = RxSampleCollectionViewModel.swift; sourceTree = "<group>"; };
		2FA601BC2450F235001D0F49 /* RxCoordinator.swift */ = {isa = PBXFileReference; fileEncoding = 4; lastKnownFileType = sourcecode.swift; path = RxCoordinator.swift; sourceTree = "<group>"; };
		2FA601BD2450F235001D0F49 /* RxSampleCollectionViewController.swift */ = {isa = PBXFileReference; fileEncoding = 4; lastKnownFileType = sourcecode.swift; path = RxSampleCollectionViewController.swift; sourceTree = "<group>"; };
		2FA601C22464D5FA001D0F49 /* InOutSampleCollectionViewModel.swift */ = {isa = PBXFileReference; fileEncoding = 4; lastKnownFileType = sourcecode.swift; path = InOutSampleCollectionViewModel.swift; sourceTree = "<group>"; };
		2FA601C32464D5FA001D0F49 /* InOutSampleCollectionViewController.swift */ = {isa = PBXFileReference; fileEncoding = 4; lastKnownFileType = sourcecode.swift; path = InOutSampleCollectionViewController.swift; sourceTree = "<group>"; };
		2FA601C42464D5FB001D0F49 /* InOutCoordinator.swift */ = {isa = PBXFileReference; fileEncoding = 4; lastKnownFileType = sourcecode.swift; path = InOutCoordinator.swift; sourceTree = "<group>"; };
		67B4D1CEBF6D7E2A351F8FEA /* Pods_mvvmMovieDB.framework */ = {isa = PBXFileReference; explicitFileType = wrapper.framework; includeInIndex = 0; path = Pods_mvvmMovieDB.framework; sourceTree = BUILT_PRODUCTS_DIR; };
		7CB52F1004FB1E685F9F2134 /* Pods_mvvmMovieDBTests.framework */ = {isa = PBXFileReference; explicitFileType = wrapper.framework; includeInIndex = 0; path = Pods_mvvmMovieDBTests.framework; sourceTree = BUILT_PRODUCTS_DIR; };
		B69BA8E00697914CA2AFE1F3 /* Pods-mvvmMovieDBTests.debug.xcconfig */ = {isa = PBXFileReference; includeInIndex = 1; lastKnownFileType = text.xcconfig; name = "Pods-mvvmMovieDBTests.debug.xcconfig"; path = "Target Support Files/Pods-mvvmMovieDBTests/Pods-mvvmMovieDBTests.debug.xcconfig"; sourceTree = "<group>"; };
		C5413A4ECBFE375B3631E870 /* Pods-mvvmMovieDB.release.xcconfig */ = {isa = PBXFileReference; includeInIndex = 1; lastKnownFileType = text.xcconfig; name = "Pods-mvvmMovieDB.release.xcconfig"; path = "Target Support Files/Pods-mvvmMovieDB/Pods-mvvmMovieDB.release.xcconfig"; sourceTree = "<group>"; };
		F4A191034C9427113D25C271 /* Pods-mvvmMovieDBTests.release.xcconfig */ = {isa = PBXFileReference; includeInIndex = 1; lastKnownFileType = text.xcconfig; name = "Pods-mvvmMovieDBTests.release.xcconfig"; path = "Target Support Files/Pods-mvvmMovieDBTests/Pods-mvvmMovieDBTests.release.xcconfig"; sourceTree = "<group>"; };
		FD248B9AF50BD203FD027E80 /* Pods-mvvmMovieDB-mvvmMovieDBUITests.debug.xcconfig */ = {isa = PBXFileReference; includeInIndex = 1; lastKnownFileType = text.xcconfig; name = "Pods-mvvmMovieDB-mvvmMovieDBUITests.debug.xcconfig"; path = "Target Support Files/Pods-mvvmMovieDB-mvvmMovieDBUITests/Pods-mvvmMovieDB-mvvmMovieDBUITests.debug.xcconfig"; sourceTree = "<group>"; };
/* End PBXFileReference section */

/* Begin PBXFrameworksBuildPhase section */
		2F90219424495F20003CDC19 /* Frameworks */ = {
			isa = PBXFrameworksBuildPhase;
			buildActionMask = 2147483647;
			files = (
				F29A6D12ACB6D0D4752E0D05 /* Pods_mvvmMovieDB.framework in Frameworks */,
			);
			runOnlyForDeploymentPostprocessing = 0;
		};
		2F9021AA24495F24003CDC19 /* Frameworks */ = {
			isa = PBXFrameworksBuildPhase;
			buildActionMask = 2147483647;
			files = (
				DA0D69CE9604B00C74E2446B /* Pods_mvvmMovieDBTests.framework in Frameworks */,
			);
			runOnlyForDeploymentPostprocessing = 0;
		};
		2F9021B524495F24003CDC19 /* Frameworks */ = {
			isa = PBXFrameworksBuildPhase;
			buildActionMask = 2147483647;
			files = (
				0C61891D1385A9A4D20AB872 /* Pods_mvvmMovieDB_mvvmMovieDBUITests.framework in Frameworks */,
			);
			runOnlyForDeploymentPostprocessing = 0;
		};
/* End PBXFrameworksBuildPhase section */

/* Begin PBXGroup section */
		2F12118A244965F200DB6FF2 /* Samples */ = {
			isa = PBXGroup;
			children = (
				2F1211A82450D64C00DB6FF2 /* Architectures */,
				2F1211A72450D63F00DB6FF2 /* Base */,
			);
			path = Samples;
			sourceTree = "<group>";
		};
		2F12118B244965FE00DB6FF2 /* RxSwift */ = {
			isa = PBXGroup;
			children = (
				2FA601BC2450F235001D0F49 /* RxCoordinator.swift */,
				2FA601BD2450F235001D0F49 /* RxSampleCollectionViewController.swift */,
				2FA601BB2450F235001D0F49 /* RxSampleCollectionViewModel.swift */,
			);
			path = RxSwift;
			sourceTree = "<group>";
		};
		2F12118E244966D500DB6FF2 /* Setters */ = {
			isa = PBXGroup;
			children = (
				2F1211AD2450D7D500DB6FF2 /* SettersCoordinator.swift */,
				2F121192244967FD00DB6FF2 /* SettersSampleCollectionViewController.swift */,
				2F12119424496E4B00DB6FF2 /* SettersSampleCollectionViewModel.swift */,
			);
			path = Setters;
			sourceTree = "<group>";
		};
		2F12118F244966E900DB6FF2 /* Callback */ = {
			isa = PBXGroup;
			children = (
				2FA601B92450EACC001D0F49 /* CallbackCoordinator.swift */,
				2FA601B52450EA5F001D0F49 /* CallbackSampleCollectionViewController.swift */,
				2FA601B72450EABD001D0F49 /* CallbackSampleCollectionViewModel.swift */,
			);
			path = Callback;
			sourceTree = "<group>";
		};
		2F121190244966F600DB6FF2 /* Interface */ = {
			isa = PBXGroup;
			children = (
				2F1211B52450DDB700DB6FF2 /* InterfaceCoordinator.swift */,
				2F1211A12450CC6F00DB6FF2 /* InterfaceSampleCollectionViewController.swift */,
				2F1211A52450CE7600DB6FF2 /* InterfaceSampleCollectionViewModel.swift */,
			);
			path = Interface;
			sourceTree = "<group>";
		};
		2F1211912449673400DB6FF2 /* Combine */ = {
			isa = PBXGroup;
			children = (
			);
			path = Combine;
			sourceTree = "<group>";
		};
		2F121196244BA9BD00DB6FF2 /* CustomViews */ = {
			isa = PBXGroup;
			children = (
				2F121197244BA9D400DB6FF2 /* MovieCollectionViewCell.swift */,
				2FA601B32450E926001D0F49 /* LoadingView.swift */,
			);
			path = CustomViews;
			sourceTree = "<group>";
		};
		2F1211A72450D63F00DB6FF2 /* Base */ = {
			isa = PBXGroup;
			children = (
				2F12119F244BBAEA00DB6FF2 /* SampleService.swift */,
				2F1211A32450CCA800DB6FF2 /* SampleCollectionViewController.swift */,
				2F1211AF2450D8E900DB6FF2 /* MovieListResponse.swift */,
				2F1211B12450D91900DB6FF2 /* MovieModel.swift */,
				2F1211B32450D92D00DB6FF2 /* SampleProvider.swift */,
			);
			path = Base;
			sourceTree = "<group>";
		};
		2F1211A82450D64C00DB6FF2 /* Architectures */ = {
			isa = PBXGroup;
			children = (
				2F1211A92450D66300DB6FF2 /* MVVM */,
			);
			path = Architectures;
			sourceTree = "<group>";
		};
		2F1211A92450D66300DB6FF2 /* MVVM */ = {
			isa = PBXGroup;
			children = (
				2F121190244966F600DB6FF2 /* Interface */,
				2F12118F244966E900DB6FF2 /* Callback */,
				2FA601C12464D08B001D0F49 /* InOut */,
				2F12118B244965FE00DB6FF2 /* RxSwift */,
				2F12118E244966D500DB6FF2 /* Setters */,
				2F1211912449673400DB6FF2 /* Combine */,
			);
			path = MVVM;
			sourceTree = "<group>";
		};
		2F90218E24495F20003CDC19 = {
			isa = PBXGroup;
			children = (
				2F90219924495F20003CDC19 /* mvvmMovieDB */,
				2F9021B024495F24003CDC19 /* mvvmMovieDBTests */,
				2F9021BB24495F24003CDC19 /* mvvmMovieDBUITests */,
				2F90219824495F20003CDC19 /* Products */,
				E1AE372259A205C1FE04F6BF /* Pods */,
				EA7F296CAD4A9C91E21E3685 /* Frameworks */,
			);
			sourceTree = "<group>";
		};
		2F90219824495F20003CDC19 /* Products */ = {
			isa = PBXGroup;
			children = (
				2F90219724495F20003CDC19 /* mvvmMovieDB.app */,
				2F9021AD24495F24003CDC19 /* mvvmMovieDBTests.xctest */,
				2F9021B824495F24003CDC19 /* mvvmMovieDBUITests.xctest */,
			);
			name = Products;
			sourceTree = "<group>";
		};
		2F90219924495F20003CDC19 /* mvvmMovieDB */ = {
			isa = PBXGroup;
			children = (
				2F1211AB2450D71B00DB6FF2 /* Coordinator.swift */,
				2F12118C2449661700DB6FF2 /* Sample.swift */,
				2F90219A24495F20003CDC19 /* AppDelegate.swift */,
				2F90219E24495F20003CDC19 /* ViewController.swift */,
				2F9021A024495F21003CDC19 /* Main.storyboard */,
				2F9021A324495F24003CDC19 /* Assets.xcassets */,
				2F9021A524495F24003CDC19 /* LaunchScreen.storyboard */,
				2F9021A824495F24003CDC19 /* Info.plist */,
				2F121196244BA9BD00DB6FF2 /* CustomViews */,
				2F12118A244965F200DB6FF2 /* Samples */,
			);
			path = mvvmMovieDB;
			sourceTree = "<group>";
		};
		2F9021B024495F24003CDC19 /* mvvmMovieDBTests */ = {
			isa = PBXGroup;
			children = (
				2F9021B124495F24003CDC19 /* mvvmMovieDBTests.swift */,
				2F9021B324495F24003CDC19 /* Info.plist */,
			);
			path = mvvmMovieDBTests;
			sourceTree = "<group>";
		};
		2F9021BB24495F24003CDC19 /* mvvmMovieDBUITests */ = {
			isa = PBXGroup;
			children = (
				2F9021BC24495F24003CDC19 /* mvvmMovieDBUITests.swift */,
				2F9021BE24495F24003CDC19 /* Info.plist */,
			);
			path = mvvmMovieDBUITests;
			sourceTree = "<group>";
		};
		2FA601C12464D08B001D0F49 /* InOut */ = {
			isa = PBXGroup;
			children = (
				2FA601C42464D5FB001D0F49 /* InOutCoordinator.swift */,
				2FA601C32464D5FA001D0F49 /* InOutSampleCollectionViewController.swift */,
				2FA601C22464D5FA001D0F49 /* InOutSampleCollectionViewModel.swift */,
			);
			path = InOut;
			sourceTree = "<group>";
		};
		E1AE372259A205C1FE04F6BF /* Pods */ = {
			isa = PBXGroup;
			children = (
				29104622EE3A94919EC730DE /* Pods-mvvmMovieDB.debug.xcconfig */,
				C5413A4ECBFE375B3631E870 /* Pods-mvvmMovieDB.release.xcconfig */,
				FD248B9AF50BD203FD027E80 /* Pods-mvvmMovieDB-mvvmMovieDBUITests.debug.xcconfig */,
				2202E72848F6CEB310D67AF1 /* Pods-mvvmMovieDB-mvvmMovieDBUITests.release.xcconfig */,
				B69BA8E00697914CA2AFE1F3 /* Pods-mvvmMovieDBTests.debug.xcconfig */,
				F4A191034C9427113D25C271 /* Pods-mvvmMovieDBTests.release.xcconfig */,
			);
			path = Pods;
			sourceTree = "<group>";
		};
		EA7F296CAD4A9C91E21E3685 /* Frameworks */ = {
			isa = PBXGroup;
			children = (
				67B4D1CEBF6D7E2A351F8FEA /* Pods_mvvmMovieDB.framework */,
				2340E2C01E4C5597D50871FE /* Pods_mvvmMovieDB_mvvmMovieDBUITests.framework */,
				7CB52F1004FB1E685F9F2134 /* Pods_mvvmMovieDBTests.framework */,
			);
			name = Frameworks;
			sourceTree = "<group>";
		};
/* End PBXGroup section */

/* Begin PBXNativeTarget section */
		2F90219624495F20003CDC19 /* mvvmMovieDB */ = {
			isa = PBXNativeTarget;
			buildConfigurationList = 2F9021C124495F24003CDC19 /* Build configuration list for PBXNativeTarget "mvvmMovieDB" */;
			buildPhases = (
				C10DBAB659CF13CE9E06BDA8 /* [CP] Check Pods Manifest.lock */,
				2F90219324495F20003CDC19 /* Sources */,
				2F90219424495F20003CDC19 /* Frameworks */,
				2F90219524495F20003CDC19 /* Resources */,
				428E6D140189E55C3C70C454 /* [CP] Embed Pods Frameworks */,
			);
			buildRules = (
			);
			dependencies = (
			);
			name = mvvmMovieDB;
			productName = mvvmMovieDB;
			productReference = 2F90219724495F20003CDC19 /* mvvmMovieDB.app */;
			productType = "com.apple.product-type.application";
		};
		2F9021AC24495F24003CDC19 /* mvvmMovieDBTests */ = {
			isa = PBXNativeTarget;
			buildConfigurationList = 2F9021C424495F24003CDC19 /* Build configuration list for PBXNativeTarget "mvvmMovieDBTests" */;
			buildPhases = (
				FEE79C3DC62B5729C0D493A1 /* [CP] Check Pods Manifest.lock */,
				2F9021A924495F24003CDC19 /* Sources */,
				2F9021AA24495F24003CDC19 /* Frameworks */,
				2F9021AB24495F24003CDC19 /* Resources */,
			);
			buildRules = (
			);
			dependencies = (
				2F9021AF24495F24003CDC19 /* PBXTargetDependency */,
			);
			name = mvvmMovieDBTests;
			productName = mvvmMovieDBTests;
			productReference = 2F9021AD24495F24003CDC19 /* mvvmMovieDBTests.xctest */;
			productType = "com.apple.product-type.bundle.unit-test";
		};
		2F9021B724495F24003CDC19 /* mvvmMovieDBUITests */ = {
			isa = PBXNativeTarget;
			buildConfigurationList = 2F9021C724495F24003CDC19 /* Build configuration list for PBXNativeTarget "mvvmMovieDBUITests" */;
			buildPhases = (
				B7B56FA95F0985E0957D0087 /* [CP] Check Pods Manifest.lock */,
				2F9021B424495F24003CDC19 /* Sources */,
				2F9021B524495F24003CDC19 /* Frameworks */,
				2F9021B624495F24003CDC19 /* Resources */,
				69A7D6D44DC8C1715212BCC4 /* [CP] Embed Pods Frameworks */,
			);
			buildRules = (
			);
			dependencies = (
				2F9021BA24495F24003CDC19 /* PBXTargetDependency */,
			);
			name = mvvmMovieDBUITests;
			productName = mvvmMovieDBUITests;
			productReference = 2F9021B824495F24003CDC19 /* mvvmMovieDBUITests.xctest */;
			productType = "com.apple.product-type.bundle.ui-testing";
		};
/* End PBXNativeTarget section */

/* Begin PBXProject section */
		2F90218F24495F20003CDC19 /* Project object */ = {
			isa = PBXProject;
			attributes = {
				LastSwiftUpdateCheck = 1130;
				LastUpgradeCheck = 1130;
				ORGANIZATIONNAME = "Rafael Baraldi";
				TargetAttributes = {
					2F90219624495F20003CDC19 = {
						CreatedOnToolsVersion = 11.3.1;
					};
					2F9021AC24495F24003CDC19 = {
						CreatedOnToolsVersion = 11.3.1;
						TestTargetID = 2F90219624495F20003CDC19;
					};
					2F9021B724495F24003CDC19 = {
						CreatedOnToolsVersion = 11.3.1;
						TestTargetID = 2F90219624495F20003CDC19;
					};
				};
			};
			buildConfigurationList = 2F90219224495F20003CDC19 /* Build configuration list for PBXProject "mvvmMovieDB" */;
			compatibilityVersion = "Xcode 9.3";
			developmentRegion = en;
			hasScannedForEncodings = 0;
			knownRegions = (
				en,
				Base,
			);
			mainGroup = 2F90218E24495F20003CDC19;
			productRefGroup = 2F90219824495F20003CDC19 /* Products */;
			projectDirPath = "";
			projectRoot = "";
			targets = (
				2F90219624495F20003CDC19 /* mvvmMovieDB */,
				2F9021AC24495F24003CDC19 /* mvvmMovieDBTests */,
				2F9021B724495F24003CDC19 /* mvvmMovieDBUITests */,
			);
		};
/* End PBXProject section */

/* Begin PBXResourcesBuildPhase section */
		2F90219524495F20003CDC19 /* Resources */ = {
			isa = PBXResourcesBuildPhase;
			buildActionMask = 2147483647;
			files = (
				2F9021A724495F24003CDC19 /* LaunchScreen.storyboard in Resources */,
				2F9021A424495F24003CDC19 /* Assets.xcassets in Resources */,
				2F9021A224495F21003CDC19 /* Main.storyboard in Resources */,
			);
			runOnlyForDeploymentPostprocessing = 0;
		};
		2F9021AB24495F24003CDC19 /* Resources */ = {
			isa = PBXResourcesBuildPhase;
			buildActionMask = 2147483647;
			files = (
			);
			runOnlyForDeploymentPostprocessing = 0;
		};
		2F9021B624495F24003CDC19 /* Resources */ = {
			isa = PBXResourcesBuildPhase;
			buildActionMask = 2147483647;
			files = (
			);
			runOnlyForDeploymentPostprocessing = 0;
		};
/* End PBXResourcesBuildPhase section */

/* Begin PBXShellScriptBuildPhase section */
		428E6D140189E55C3C70C454 /* [CP] Embed Pods Frameworks */ = {
			isa = PBXShellScriptBuildPhase;
			buildActionMask = 2147483647;
			files = (
			);
			inputFileListPaths = (
				"${PODS_ROOT}/Target Support Files/Pods-mvvmMovieDB/Pods-mvvmMovieDB-frameworks-${CONFIGURATION}-input-files.xcfilelist",
			);
			name = "[CP] Embed Pods Frameworks";
			outputFileListPaths = (
				"${PODS_ROOT}/Target Support Files/Pods-mvvmMovieDB/Pods-mvvmMovieDB-frameworks-${CONFIGURATION}-output-files.xcfilelist",
			);
			runOnlyForDeploymentPostprocessing = 0;
			shellPath = /bin/sh;
			shellScript = "\"${PODS_ROOT}/Target Support Files/Pods-mvvmMovieDB/Pods-mvvmMovieDB-frameworks.sh\"\n";
			showEnvVarsInLog = 0;
		};
		69A7D6D44DC8C1715212BCC4 /* [CP] Embed Pods Frameworks */ = {
			isa = PBXShellScriptBuildPhase;
			buildActionMask = 2147483647;
			files = (
			);
			inputFileListPaths = (
				"${PODS_ROOT}/Target Support Files/Pods-mvvmMovieDB-mvvmMovieDBUITests/Pods-mvvmMovieDB-mvvmMovieDBUITests-frameworks-${CONFIGURATION}-input-files.xcfilelist",
			);
			name = "[CP] Embed Pods Frameworks";
			outputFileListPaths = (
				"${PODS_ROOT}/Target Support Files/Pods-mvvmMovieDB-mvvmMovieDBUITests/Pods-mvvmMovieDB-mvvmMovieDBUITests-frameworks-${CONFIGURATION}-output-files.xcfilelist",
			);
			runOnlyForDeploymentPostprocessing = 0;
			shellPath = /bin/sh;
			shellScript = "\"${PODS_ROOT}/Target Support Files/Pods-mvvmMovieDB-mvvmMovieDBUITests/Pods-mvvmMovieDB-mvvmMovieDBUITests-frameworks.sh\"\n";
			showEnvVarsInLog = 0;
		};
		B7B56FA95F0985E0957D0087 /* [CP] Check Pods Manifest.lock */ = {
			isa = PBXShellScriptBuildPhase;
			buildActionMask = 2147483647;
			files = (
			);
			inputFileListPaths = (
			);
			inputPaths = (
				"${PODS_PODFILE_DIR_PATH}/Podfile.lock",
				"${PODS_ROOT}/Manifest.lock",
			);
			name = "[CP] Check Pods Manifest.lock";
			outputFileListPaths = (
			);
			outputPaths = (
				"$(DERIVED_FILE_DIR)/Pods-mvvmMovieDB-mvvmMovieDBUITests-checkManifestLockResult.txt",
			);
			runOnlyForDeploymentPostprocessing = 0;
			shellPath = /bin/sh;
			shellScript = "diff \"${PODS_PODFILE_DIR_PATH}/Podfile.lock\" \"${PODS_ROOT}/Manifest.lock\" > /dev/null\nif [ $? != 0 ] ; then\n    # print error to STDERR\n    echo \"error: The sandbox is not in sync with the Podfile.lock. Run 'pod install' or update your CocoaPods installation.\" >&2\n    exit 1\nfi\n# This output is used by Xcode 'outputs' to avoid re-running this script phase.\necho \"SUCCESS\" > \"${SCRIPT_OUTPUT_FILE_0}\"\n";
			showEnvVarsInLog = 0;
		};
		C10DBAB659CF13CE9E06BDA8 /* [CP] Check Pods Manifest.lock */ = {
			isa = PBXShellScriptBuildPhase;
			buildActionMask = 2147483647;
			files = (
			);
			inputFileListPaths = (
			);
			inputPaths = (
				"${PODS_PODFILE_DIR_PATH}/Podfile.lock",
				"${PODS_ROOT}/Manifest.lock",
			);
			name = "[CP] Check Pods Manifest.lock";
			outputFileListPaths = (
			);
			outputPaths = (
				"$(DERIVED_FILE_DIR)/Pods-mvvmMovieDB-checkManifestLockResult.txt",
			);
			runOnlyForDeploymentPostprocessing = 0;
			shellPath = /bin/sh;
			shellScript = "diff \"${PODS_PODFILE_DIR_PATH}/Podfile.lock\" \"${PODS_ROOT}/Manifest.lock\" > /dev/null\nif [ $? != 0 ] ; then\n    # print error to STDERR\n    echo \"error: The sandbox is not in sync with the Podfile.lock. Run 'pod install' or update your CocoaPods installation.\" >&2\n    exit 1\nfi\n# This output is used by Xcode 'outputs' to avoid re-running this script phase.\necho \"SUCCESS\" > \"${SCRIPT_OUTPUT_FILE_0}\"\n";
			showEnvVarsInLog = 0;
		};
		FEE79C3DC62B5729C0D493A1 /* [CP] Check Pods Manifest.lock */ = {
			isa = PBXShellScriptBuildPhase;
			buildActionMask = 2147483647;
			files = (
			);
			inputFileListPaths = (
			);
			inputPaths = (
				"${PODS_PODFILE_DIR_PATH}/Podfile.lock",
				"${PODS_ROOT}/Manifest.lock",
			);
			name = "[CP] Check Pods Manifest.lock";
			outputFileListPaths = (
			);
			outputPaths = (
				"$(DERIVED_FILE_DIR)/Pods-mvvmMovieDBTests-checkManifestLockResult.txt",
			);
			runOnlyForDeploymentPostprocessing = 0;
			shellPath = /bin/sh;
			shellScript = "diff \"${PODS_PODFILE_DIR_PATH}/Podfile.lock\" \"${PODS_ROOT}/Manifest.lock\" > /dev/null\nif [ $? != 0 ] ; then\n    # print error to STDERR\n    echo \"error: The sandbox is not in sync with the Podfile.lock. Run 'pod install' or update your CocoaPods installation.\" >&2\n    exit 1\nfi\n# This output is used by Xcode 'outputs' to avoid re-running this script phase.\necho \"SUCCESS\" > \"${SCRIPT_OUTPUT_FILE_0}\"\n";
			showEnvVarsInLog = 0;
		};
/* End PBXShellScriptBuildPhase section */

/* Begin PBXSourcesBuildPhase section */
		2F90219324495F20003CDC19 /* Sources */ = {
			isa = PBXSourcesBuildPhase;
			buildActionMask = 2147483647;
			files = (
				2FA601BF2450F236001D0F49 /* RxCoordinator.swift in Sources */,
				2F1211B22450D91900DB6FF2 /* MovieModel.swift in Sources */,
				2FA601C02450F236001D0F49 /* RxSampleCollectionViewController.swift in Sources */,
				2F1211A62450CE7600DB6FF2 /* InterfaceSampleCollectionViewModel.swift in Sources */,
				2F1211AE2450D7D500DB6FF2 /* SettersCoordinator.swift in Sources */,
				2F12119524496E4B00DB6FF2 /* SettersSampleCollectionViewModel.swift in Sources */,
				2FA601C72464D5FB001D0F49 /* InOutCoordinator.swift in Sources */,
				2FA601B42450E926001D0F49 /* LoadingView.swift in Sources */,
				2F1211B42450D92D00DB6FF2 /* SampleProvider.swift in Sources */,
				2F1211B02450D8E900DB6FF2 /* MovieListResponse.swift in Sources */,
				2FA601C62464D5FB001D0F49 /* InOutSampleCollectionViewController.swift in Sources */,
				2FA601B62450EA5F001D0F49 /* CallbackSampleCollectionViewController.swift in Sources */,
				2F90219F24495F20003CDC19 /* ViewController.swift in Sources */,
				2FA601B82450EABD001D0F49 /* CallbackSampleCollectionViewModel.swift in Sources */,
				2F1211A42450CCA800DB6FF2 /* SampleCollectionViewController.swift in Sources */,
				2F121193244967FD00DB6FF2 /* SettersSampleCollectionViewController.swift in Sources */,
				2F121199244BA9D400DB6FF2 /* MovieCollectionViewCell.swift in Sources */,
				2F1211B62450DDB700DB6FF2 /* InterfaceCoordinator.swift in Sources */,
				2FA601C52464D5FB001D0F49 /* InOutSampleCollectionViewModel.swift in Sources */,
				2F1211AC2450D71B00DB6FF2 /* Coordinator.swift in Sources */,
				2F12118D2449661700DB6FF2 /* Sample.swift in Sources */,
				2FA601BE2450F236001D0F49 /* RxSampleCollectionViewModel.swift in Sources */,
				2F1211A0244BBAEA00DB6FF2 /* SampleService.swift in Sources */,
				2FA601BA2450EACC001D0F49 /* CallbackCoordinator.swift in Sources */,
				2F1211A22450CC6F00DB6FF2 /* InterfaceSampleCollectionViewController.swift in Sources */,
				2F90219B24495F20003CDC19 /* AppDelegate.swift in Sources */,
			);
			runOnlyForDeploymentPostprocessing = 0;
		};
		2F9021A924495F24003CDC19 /* Sources */ = {
			isa = PBXSourcesBuildPhase;
			buildActionMask = 2147483647;
			files = (
				2F9021B224495F24003CDC19 /* mvvmMovieDBTests.swift in Sources */,
			);
			runOnlyForDeploymentPostprocessing = 0;
		};
		2F9021B424495F24003CDC19 /* Sources */ = {
			isa = PBXSourcesBuildPhase;
			buildActionMask = 2147483647;
			files = (
				2F9021BD24495F24003CDC19 /* mvvmMovieDBUITests.swift in Sources */,
			);
			runOnlyForDeploymentPostprocessing = 0;
		};
/* End PBXSourcesBuildPhase section */

/* Begin PBXTargetDependency section */
		2F9021AF24495F24003CDC19 /* PBXTargetDependency */ = {
			isa = PBXTargetDependency;
			target = 2F90219624495F20003CDC19 /* mvvmMovieDB */;
			targetProxy = 2F9021AE24495F24003CDC19 /* PBXContainerItemProxy */;
		};
		2F9021BA24495F24003CDC19 /* PBXTargetDependency */ = {
			isa = PBXTargetDependency;
			target = 2F90219624495F20003CDC19 /* mvvmMovieDB */;
			targetProxy = 2F9021B924495F24003CDC19 /* PBXContainerItemProxy */;
		};
/* End PBXTargetDependency section */

/* Begin PBXVariantGroup section */
		2F9021A024495F21003CDC19 /* Main.storyboard */ = {
			isa = PBXVariantGroup;
			children = (
				2F9021A124495F21003CDC19 /* Base */,
			);
			name = Main.storyboard;
			sourceTree = "<group>";
		};
		2F9021A524495F24003CDC19 /* LaunchScreen.storyboard */ = {
			isa = PBXVariantGroup;
			children = (
				2F9021A624495F24003CDC19 /* Base */,
			);
			name = LaunchScreen.storyboard;
			sourceTree = "<group>";
		};
/* End PBXVariantGroup section */

/* Begin XCBuildConfiguration section */
		2F9021BF24495F24003CDC19 /* Debug */ = {
			isa = XCBuildConfiguration;
			buildSettings = {
				ALWAYS_SEARCH_USER_PATHS = NO;
				CLANG_ANALYZER_NONNULL = YES;
				CLANG_ANALYZER_NUMBER_OBJECT_CONVERSION = YES_AGGRESSIVE;
				CLANG_CXX_LANGUAGE_STANDARD = "gnu++14";
				CLANG_CXX_LIBRARY = "libc++";
				CLANG_ENABLE_MODULES = YES;
				CLANG_ENABLE_OBJC_ARC = YES;
				CLANG_ENABLE_OBJC_WEAK = YES;
				CLANG_WARN_BLOCK_CAPTURE_AUTORELEASING = YES;
				CLANG_WARN_BOOL_CONVERSION = YES;
				CLANG_WARN_COMMA = YES;
				CLANG_WARN_CONSTANT_CONVERSION = YES;
				CLANG_WARN_DEPRECATED_OBJC_IMPLEMENTATIONS = YES;
				CLANG_WARN_DIRECT_OBJC_ISA_USAGE = YES_ERROR;
				CLANG_WARN_DOCUMENTATION_COMMENTS = YES;
				CLANG_WARN_EMPTY_BODY = YES;
				CLANG_WARN_ENUM_CONVERSION = YES;
				CLANG_WARN_INFINITE_RECURSION = YES;
				CLANG_WARN_INT_CONVERSION = YES;
				CLANG_WARN_NON_LITERAL_NULL_CONVERSION = YES;
				CLANG_WARN_OBJC_IMPLICIT_RETAIN_SELF = YES;
				CLANG_WARN_OBJC_LITERAL_CONVERSION = YES;
				CLANG_WARN_OBJC_ROOT_CLASS = YES_ERROR;
				CLANG_WARN_RANGE_LOOP_ANALYSIS = YES;
				CLANG_WARN_STRICT_PROTOTYPES = YES;
				CLANG_WARN_SUSPICIOUS_MOVE = YES;
				CLANG_WARN_UNGUARDED_AVAILABILITY = YES_AGGRESSIVE;
				CLANG_WARN_UNREACHABLE_CODE = YES;
				CLANG_WARN__DUPLICATE_METHOD_MATCH = YES;
				COPY_PHASE_STRIP = NO;
				DEBUG_INFORMATION_FORMAT = dwarf;
				ENABLE_STRICT_OBJC_MSGSEND = YES;
				ENABLE_TESTABILITY = YES;
				GCC_C_LANGUAGE_STANDARD = gnu11;
				GCC_DYNAMIC_NO_PIC = NO;
				GCC_NO_COMMON_BLOCKS = YES;
				GCC_OPTIMIZATION_LEVEL = 0;
				GCC_PREPROCESSOR_DEFINITIONS = (
					"DEBUG=1",
					"$(inherited)",
				);
				GCC_WARN_64_TO_32_BIT_CONVERSION = YES;
				GCC_WARN_ABOUT_RETURN_TYPE = YES_ERROR;
				GCC_WARN_UNDECLARED_SELECTOR = YES;
				GCC_WARN_UNINITIALIZED_AUTOS = YES_AGGRESSIVE;
				GCC_WARN_UNUSED_FUNCTION = YES;
				GCC_WARN_UNUSED_VARIABLE = YES;
				IPHONEOS_DEPLOYMENT_TARGET = 13.2;
				MTL_ENABLE_DEBUG_INFO = INCLUDE_SOURCE;
				MTL_FAST_MATH = YES;
				ONLY_ACTIVE_ARCH = YES;
				SDKROOT = iphoneos;
				SWIFT_ACTIVE_COMPILATION_CONDITIONS = DEBUG;
				SWIFT_OPTIMIZATION_LEVEL = "-Onone";
			};
			name = Debug;
		};
		2F9021C024495F24003CDC19 /* Release */ = {
			isa = XCBuildConfiguration;
			buildSettings = {
				ALWAYS_SEARCH_USER_PATHS = NO;
				CLANG_ANALYZER_NONNULL = YES;
				CLANG_ANALYZER_NUMBER_OBJECT_CONVERSION = YES_AGGRESSIVE;
				CLANG_CXX_LANGUAGE_STANDARD = "gnu++14";
				CLANG_CXX_LIBRARY = "libc++";
				CLANG_ENABLE_MODULES = YES;
				CLANG_ENABLE_OBJC_ARC = YES;
				CLANG_ENABLE_OBJC_WEAK = YES;
				CLANG_WARN_BLOCK_CAPTURE_AUTORELEASING = YES;
				CLANG_WARN_BOOL_CONVERSION = YES;
				CLANG_WARN_COMMA = YES;
				CLANG_WARN_CONSTANT_CONVERSION = YES;
				CLANG_WARN_DEPRECATED_OBJC_IMPLEMENTATIONS = YES;
				CLANG_WARN_DIRECT_OBJC_ISA_USAGE = YES_ERROR;
				CLANG_WARN_DOCUMENTATION_COMMENTS = YES;
				CLANG_WARN_EMPTY_BODY = YES;
				CLANG_WARN_ENUM_CONVERSION = YES;
				CLANG_WARN_INFINITE_RECURSION = YES;
				CLANG_WARN_INT_CONVERSION = YES;
				CLANG_WARN_NON_LITERAL_NULL_CONVERSION = YES;
				CLANG_WARN_OBJC_IMPLICIT_RETAIN_SELF = YES;
				CLANG_WARN_OBJC_LITERAL_CONVERSION = YES;
				CLANG_WARN_OBJC_ROOT_CLASS = YES_ERROR;
				CLANG_WARN_RANGE_LOOP_ANALYSIS = YES;
				CLANG_WARN_STRICT_PROTOTYPES = YES;
				CLANG_WARN_SUSPICIOUS_MOVE = YES;
				CLANG_WARN_UNGUARDED_AVAILABILITY = YES_AGGRESSIVE;
				CLANG_WARN_UNREACHABLE_CODE = YES;
				CLANG_WARN__DUPLICATE_METHOD_MATCH = YES;
				COPY_PHASE_STRIP = NO;
				DEBUG_INFORMATION_FORMAT = "dwarf-with-dsym";
				ENABLE_NS_ASSERTIONS = NO;
				ENABLE_STRICT_OBJC_MSGSEND = YES;
				GCC_C_LANGUAGE_STANDARD = gnu11;
				GCC_NO_COMMON_BLOCKS = YES;
				GCC_WARN_64_TO_32_BIT_CONVERSION = YES;
				GCC_WARN_ABOUT_RETURN_TYPE = YES_ERROR;
				GCC_WARN_UNDECLARED_SELECTOR = YES;
				GCC_WARN_UNINITIALIZED_AUTOS = YES_AGGRESSIVE;
				GCC_WARN_UNUSED_FUNCTION = YES;
				GCC_WARN_UNUSED_VARIABLE = YES;
				IPHONEOS_DEPLOYMENT_TARGET = 13.2;
				MTL_ENABLE_DEBUG_INFO = NO;
				MTL_FAST_MATH = YES;
				SDKROOT = iphoneos;
				SWIFT_COMPILATION_MODE = wholemodule;
				SWIFT_OPTIMIZATION_LEVEL = "-O";
				VALIDATE_PRODUCT = YES;
			};
			name = Release;
		};
		2F9021C224495F24003CDC19 /* Debug */ = {
			isa = XCBuildConfiguration;
			baseConfigurationReference = 29104622EE3A94919EC730DE /* Pods-mvvmMovieDB.debug.xcconfig */;
			buildSettings = {
				ASSETCATALOG_COMPILER_APPICON_NAME = AppIcon;
				CODE_SIGN_STYLE = Automatic;
				INFOPLIST_FILE = mvvmMovieDB/Info.plist;
				IPHONEOS_DEPLOYMENT_TARGET = 9.0;
				LD_RUNPATH_SEARCH_PATHS = (
					"$(inherited)",
					"@executable_path/Frameworks",
				);
				PRODUCT_BUNDLE_IDENTIFIER = RB.mvvmMovieDB;
				PRODUCT_NAME = "$(TARGET_NAME)";
				SWIFT_VERSION = 5.0;
				TARGETED_DEVICE_FAMILY = "1,2";
			};
			name = Debug;
		};
		2F9021C324495F24003CDC19 /* Release */ = {
			isa = XCBuildConfiguration;
			baseConfigurationReference = C5413A4ECBFE375B3631E870 /* Pods-mvvmMovieDB.release.xcconfig */;
			buildSettings = {
				ASSETCATALOG_COMPILER_APPICON_NAME = AppIcon;
				CODE_SIGN_STYLE = Automatic;
				INFOPLIST_FILE = mvvmMovieDB/Info.plist;
				IPHONEOS_DEPLOYMENT_TARGET = 9.0;
				LD_RUNPATH_SEARCH_PATHS = (
					"$(inherited)",
					"@executable_path/Frameworks",
				);
				PRODUCT_BUNDLE_IDENTIFIER = RB.mvvmMovieDB;
				PRODUCT_NAME = "$(TARGET_NAME)";
				SWIFT_VERSION = 5.0;
				TARGETED_DEVICE_FAMILY = "1,2";
			};
			name = Release;
		};
		2F9021C524495F24003CDC19 /* Debug */ = {
			isa = XCBuildConfiguration;
			baseConfigurationReference = B69BA8E00697914CA2AFE1F3 /* Pods-mvvmMovieDBTests.debug.xcconfig */;
			buildSettings = {
				ALWAYS_EMBED_SWIFT_STANDARD_LIBRARIES = YES;
				BUNDLE_LOADER = "$(TEST_HOST)";
				CODE_SIGN_STYLE = Automatic;
				INFOPLIST_FILE = mvvmMovieDBTests/Info.plist;
				IPHONEOS_DEPLOYMENT_TARGET = 13.2;
				LD_RUNPATH_SEARCH_PATHS = (
					"$(inherited)",
					"@executable_path/Frameworks",
					"@loader_path/Frameworks",
				);
				PRODUCT_BUNDLE_IDENTIFIER = RB.mvvmMovieDBTests;
				PRODUCT_NAME = "$(TARGET_NAME)";
				SWIFT_VERSION = 5.0;
				TARGETED_DEVICE_FAMILY = "1,2";
				TEST_HOST = "$(BUILT_PRODUCTS_DIR)/mvvmMovieDB.app/mvvmMovieDB";
			};
			name = Debug;
		};
		2F9021C624495F24003CDC19 /* Release */ = {
			isa = XCBuildConfiguration;
			baseConfigurationReference = F4A191034C9427113D25C271 /* Pods-mvvmMovieDBTests.release.xcconfig */;
			buildSettings = {
				ALWAYS_EMBED_SWIFT_STANDARD_LIBRARIES = YES;
				BUNDLE_LOADER = "$(TEST_HOST)";
				CODE_SIGN_STYLE = Automatic;
				INFOPLIST_FILE = mvvmMovieDBTests/Info.plist;
				IPHONEOS_DEPLOYMENT_TARGET = 13.2;
				LD_RUNPATH_SEARCH_PATHS = (
					"$(inherited)",
					"@executable_path/Frameworks",
					"@loader_path/Frameworks",
				);
				PRODUCT_BUNDLE_IDENTIFIER = RB.mvvmMovieDBTests;
				PRODUCT_NAME = "$(TARGET_NAME)";
				SWIFT_VERSION = 5.0;
				TARGETED_DEVICE_FAMILY = "1,2";
				TEST_HOST = "$(BUILT_PRODUCTS_DIR)/mvvmMovieDB.app/mvvmMovieDB";
			};
			name = Release;
		};
		2F9021C824495F24003CDC19 /* Debug */ = {
			isa = XCBuildConfiguration;
			baseConfigurationReference = FD248B9AF50BD203FD027E80 /* Pods-mvvmMovieDB-mvvmMovieDBUITests.debug.xcconfig */;
			buildSettings = {
				CODE_SIGN_STYLE = Automatic;
				INFOPLIST_FILE = mvvmMovieDBUITests/Info.plist;
				LD_RUNPATH_SEARCH_PATHS = (
					"$(inherited)",
					"@executable_path/Frameworks",
					"@loader_path/Frameworks",
				);
				PRODUCT_BUNDLE_IDENTIFIER = RB.mvvmMovieDBUITests;
				PRODUCT_NAME = "$(TARGET_NAME)";
				SWIFT_VERSION = 5.0;
				TARGETED_DEVICE_FAMILY = "1,2";
				TEST_TARGET_NAME = mvvmMovieDB;
			};
			name = Debug;
		};
		2F9021C924495F24003CDC19 /* Release */ = {
			isa = XCBuildConfiguration;
			baseConfigurationReference = 2202E72848F6CEB310D67AF1 /* Pods-mvvmMovieDB-mvvmMovieDBUITests.release.xcconfig */;
			buildSettings = {
				CODE_SIGN_STYLE = Automatic;
				INFOPLIST_FILE = mvvmMovieDBUITests/Info.plist;
				LD_RUNPATH_SEARCH_PATHS = (
					"$(inherited)",
					"@executable_path/Frameworks",
					"@loader_path/Frameworks",
				);
				PRODUCT_BUNDLE_IDENTIFIER = RB.mvvmMovieDBUITests;
				PRODUCT_NAME = "$(TARGET_NAME)";
				SWIFT_VERSION = 5.0;
				TARGETED_DEVICE_FAMILY = "1,2";
				TEST_TARGET_NAME = mvvmMovieDB;
			};
			name = Release;
		};
/* End XCBuildConfiguration section */

/* Begin XCConfigurationList section */
		2F90219224495F20003CDC19 /* Build configuration list for PBXProject "mvvmMovieDB" */ = {
			isa = XCConfigurationList;
			buildConfigurations = (
				2F9021BF24495F24003CDC19 /* Debug */,
				2F9021C024495F24003CDC19 /* Release */,
			);
			defaultConfigurationIsVisible = 0;
			defaultConfigurationName = Release;
		};
		2F9021C124495F24003CDC19 /* Build configuration list for PBXNativeTarget "mvvmMovieDB" */ = {
			isa = XCConfigurationList;
			buildConfigurations = (
				2F9021C224495F24003CDC19 /* Debug */,
				2F9021C324495F24003CDC19 /* Release */,
			);
			defaultConfigurationIsVisible = 0;
			defaultConfigurationName = Release;
		};
		2F9021C424495F24003CDC19 /* Build configuration list for PBXNativeTarget "mvvmMovieDBTests" */ = {
			isa = XCConfigurationList;
			buildConfigurations = (
				2F9021C524495F24003CDC19 /* Debug */,
				2F9021C624495F24003CDC19 /* Release */,
			);
			defaultConfigurationIsVisible = 0;
			defaultConfigurationName = Release;
		};
		2F9021C724495F24003CDC19 /* Build configuration list for PBXNativeTarget "mvvmMovieDBUITests" */ = {
			isa = XCConfigurationList;
			buildConfigurations = (
				2F9021C824495F24003CDC19 /* Debug */,
				2F9021C924495F24003CDC19 /* Release */,
			);
			defaultConfigurationIsVisible = 0;
			defaultConfigurationName = Release;
		};
/* End XCConfigurationList section */
	};
	rootObject = 2F90218F24495F20003CDC19 /* Project object */;
}
